
Microsoft Visual Studio Solution File, Format Version 12.00
# Visual Studio Version 17
VisualStudioVersion = 17.14.36603.0 d17.14
MinimumVisualStudioVersion = 10.0.40219.1
Project("{FAE04EC0-301F-11D3-BF4B-00C04F79EFBC}") = "WebApi", "WebApi\WebApi.csproj", "{2552C053-AA8E-43A9-AB33-29D5D2439177}"
EndProject
Project("{FAE04EC0-301F-11D3-BF4B-00C04F79EFBC}") = "Core", "Core\Core.csproj", "{69EF28CE-A3B6-4067-92F5-F0CBDF3C6678}"
EndProject
Project("{FAE04EC0-301F-11D3-BF4B-00C04F79EFBC}") = "Application", "Application\Application.csproj", "{D4120DE2-059D-42A4-B343-DDDD0E94BCA4}"
EndProject
Project("{FAE04EC0-301F-11D3-BF4B-00C04F79EFBC}") = "Infrastructure", "Infrastructure\Infrastructure.csproj", "{AE9B7CBC-82C0-45F7-9D61-795F2A3828C9}"
EndProject
Project("{FAE04EC0-301F-11D3-BF4B-00C04F79EFBC}") = "Utilities", "Utilities\Utilities.csproj", "{21CCE68B-CCD8-4F0F-9218-B297D248209C}"
EndProject
Global
	GlobalSection(SolutionConfigurationPlatforms) = preSolution
		Debug|Any CPU = Debug|Any CPU
		Release|Any CPU = Release|Any CPU
	EndGlobalSection
	GlobalSection(ProjectConfigurationPlatforms) = postSolution
		{2552C053-AA8E-43A9-AB33-29D5D2439177}.Debug|Any CPU.ActiveCfg = Debug|Any CPU
		{2552C053-AA8E-43A9-AB33-29D5D2439177}.Debug|Any CPU.Build.0 = Debug|Any CPU
		{2552C053-AA8E-43A9-AB33-29D5D2439177}.Release|Any CPU.ActiveCfg = Release|Any CPU
		{2552C053-AA8E-43A9-AB33-29D5D2439177}.Release|Any CPU.Build.0 = Release|Any CPU
		{69EF28CE-A3B6-4067-92F5-F0CBDF3C6678}.Debug|Any CPU.ActiveCfg = Debug|Any CPU
		{69EF28CE-A3B6-4067-92F5-F0CBDF3C6678}.Debug|Any CPU.Build.0 = Debug|Any CPU
		{69EF28CE-A3B6-4067-92F5-F0CBDF3C6678}.Release|Any CPU.ActiveCfg = Release|Any CPU
		{69EF28CE-A3B6-4067-92F5-F0CBDF3C6678}.Release|Any CPU.Build.0 = Release|Any CPU
		{D4120DE2-059D-42A4-B343-DDDD0E94BCA4}.Debug|Any CPU.ActiveCfg = Debug|Any CPU
		{D4120DE2-059D-42A4-B343-DDDD0E94BCA4}.Debug|Any CPU.Build.0 = Debug|Any CPU
		{D4120DE2-059D-42A4-B343-DDDD0E94BCA4}.Release|Any CPU.ActiveCfg = Release|Any CPU
		{D4120DE2-059D-42A4-B343-DDDD0E94BCA4}.Release|Any CPU.Build.0 = Release|Any CPU
		{AE9B7CBC-82C0-45F7-9D61-795F2A3828C9}.Debug|Any CPU.ActiveCfg = Debug|Any CPU
		{AE9B7CBC-82C0-45F7-9D61-795F2A3828C9}.Debug|Any CPU.Build.0 = Debug|Any CPU
		{AE9B7CBC-82C0-45F7-9D61-795F2A3828C9}.Release|Any CPU.ActiveCfg = Release|Any CPU
		{AE9B7CBC-82C0-45F7-9D61-795F2A3828C9}.Release|Any CPU.Build.0 = Release|Any CPU
		{21CCE68B-CCD8-4F0F-9218-B297D248209C}.Debug|Any CPU.ActiveCfg = Debug|Any CPU
		{21CCE68B-CCD8-4F0F-9218-B297D248209C}.Debug|Any CPU.Build.0 = Debug|Any CPU
		{21CCE68B-CCD8-4F0F-9218-B297D248209C}.Release|Any CPU.ActiveCfg = Release|Any CPU
		{21CCE68B-CCD8-4F0F-9218-B297D248209C}.Release|Any CPU.Build.0 = Release|Any CPU
	EndGlobalSection
	GlobalSection(SolutionProperties) = preSolution
		HideSolutionNode = FALSE
	EndGlobalSection
	GlobalSection(ExtensibilityGlobals) = postSolution
		SolutionGuid = {69A91DBB-F0CA-4DFE-AF39-6BF0557FA5B3}
	EndGlobalSection
EndGlobal
